// !$*UTF8*$!
{
	archiveVersion = 1;
	classes = {
	};
	objectVersion = 77;
	objects = {

/* Begin PBXContainerItemProxy section */
		209E95C82E97E3CD00C4F598 /* PBXContainerItemProxy */ = {
			isa = PBXContainerItemProxy;
			containerPortal = 209E95AF2E97E3CB00C4F598 /* Project object */;
			proxyType = 1;
			remoteGlobalIDString = 209E95B62E97E3CB00C4F598;
			remoteInfo = WaypointWheels;
		};
		209E95D22E97E3CD00C4F598 /* PBXContainerItemProxy */ = {
			isa = PBXContainerItemProxy;
			containerPortal = 209E95AF2E97E3CB00C4F598 /* Project object */;
			proxyType = 1;
			remoteGlobalIDString = 209E95B62E97E3CB00C4F598;
			remoteInfo = WaypointWheels;
		};
/* End PBXContainerItemProxy section */

/* Begin PBXFileReference section */
		209E95B72E97E3CB00C4F598 /* WaypointWheels.app */ = {isa = PBXFileReference; explicitFileType = wrapper.application; includeInIndex = 0; path = WaypointWheels.app; sourceTree = BUILT_PRODUCTS_DIR; };
		209E95C72E97E3CD00C4F598 /* WaypointWheelsTests.xctest */ = {isa = PBXFileReference; explicitFileType = wrapper.cfbundle; includeInIndex = 0; path = WaypointWheelsTests.xctest; sourceTree = BUILT_PRODUCTS_DIR; };
		209E95D12E97E3CD00C4F598 /* WaypointWheelsUITests.xctest */ = {isa = PBXFileReference; explicitFileType = wrapper.cfbundle; includeInIndex = 0; path = WaypointWheelsUITests.xctest; sourceTree = BUILT_PRODUCTS_DIR; };
/* End PBXFileReference section */

/* Begin PBXFileSystemSynchronizedBuildFileExceptionSet section */
		209E960F2E99321400C4F598 /* Exceptions for "WaypointWheels" folder in "WaypointWheels" target */ = {
			isa = PBXFileSystemSynchronizedBuildFileExceptionSet;
			membershipExceptions = (
				Info.plist,
			);
			target = 209E95B62E97E3CB00C4F598 /* WaypointWheels */;
		};
/* End PBXFileSystemSynchronizedBuildFileExceptionSet section */

/* Begin PBXFileSystemSynchronizedRootGroup section */
		209E95B92E97E3CB00C4F598 /* WaypointWheels */ = {
			isa = PBXFileSystemSynchronizedRootGroup;
			exceptions = (
				209E960F2E99321400C4F598 /* Exceptions for "WaypointWheels" folder in "WaypointWheels" target */,
			);
			path = WaypointWheels;
			sourceTree = "<group>";
		};
		209E95CA2E97E3CD00C4F598 /* WaypointWheelsTests */ = {
			isa = PBXFileSystemSynchronizedRootGroup;
			path = WaypointWheelsTests;
			sourceTree = "<group>";
		};
		209E95D42E97E3CD00C4F598 /* WaypointWheelsUITests */ = {
			isa = PBXFileSystemSynchronizedRootGroup;
			path = WaypointWheelsUITests;
			sourceTree = "<group>";
		};
/* End PBXFileSystemSynchronizedRootGroup section */

/* Begin PBXFrameworksBuildPhase section */
		209E95B42E97E3CB00C4F598 /* Frameworks */ = {
			isa = PBXFrameworksBuildPhase;
			buildActionMask = 2147483647;
			files = (
			);
			runOnlyForDeploymentPostprocessing = 0;
		};
		209E95C42E97E3CD00C4F598 /* Frameworks */ = {
			isa = PBXFrameworksBuildPhase;
			buildActionMask = 2147483647;
			files = (
			);
			runOnlyForDeploymentPostprocessing = 0;
		};
		209E95CE2E97E3CD00C4F598 /* Frameworks */ = {
			isa = PBXFrameworksBuildPhase;
			buildActionMask = 2147483647;
			files = (
			);
			runOnlyForDeploymentPostprocessing = 0;
		};
/* End PBXFrameworksBuildPhase section */

/* Begin PBXGroup section */
		209E95AE2E97E3CB00C4F598 = {
			isa = PBXGroup;
			children = (
				209E95B92E97E3CB00C4F598 /* WaypointWheels */,
				209E95CA2E97E3CD00C4F598 /* WaypointWheelsTests */,
				209E95D42E97E3CD00C4F598 /* WaypointWheelsUITests */,
				209E95B82E97E3CB00C4F598 /* Products */,
			);
			sourceTree = "<group>";
		};
		209E95B82E97E3CB00C4F598 /* Products */ = {
			isa = PBXGroup;
			children = (
				209E95B72E97E3CB00C4F598 /* WaypointWheels.app */,
				209E95C72E97E3CD00C4F598 /* WaypointWheelsTests.xctest */,
				209E95D12E97E3CD00C4F598 /* WaypointWheelsUITests.xctest */,
			);
			name = Products;
			sourceTree = "<group>";
		};
/* End PBXGroup section */

/* Begin PBXNativeTarget section */
		209E95B62E97E3CB00C4F598 /* WaypointWheels */ = {
			isa = PBXNativeTarget;
			buildConfigurationList = 209E95DB2E97E3CD00C4F598 /* Build configuration list for PBXNativeTarget "WaypointWheels" */;
			buildPhases = (
				209E95B32E97E3CB00C4F598 /* Sources */,
				209E95B42E97E3CB00C4F598 /* Frameworks */,
				209E95B52E97E3CB00C4F598 /* Resources */,
			);
			buildRules = (
			);
			dependencies = (
			);
			fileSystemSynchronizedGroups = (
				209E95B92E97E3CB00C4F598 /* WaypointWheels */,
			);
			name = WaypointWheels;
			packageProductDependencies = (
			);
			productName = WaypointWheels;
			productReference = 209E95B72E97E3CB00C4F598 /* WaypointWheels.app */;
			productType = "com.apple.product-type.application";
		};
		209E95C62E97E3CD00C4F598 /* WaypointWheelsTests */ = {
			isa = PBXNativeTarget;
			buildConfigurationList = 209E95DE2E97E3CD00C4F598 /* Build configuration list for PBXNativeTarget "WaypointWheelsTests" */;
			buildPhases = (
				209E95C32E97E3CD00C4F598 /* Sources */,
				209E95C42E97E3CD00C4F598 /* Frameworks */,
				209E95C52E97E3CD00C4F598 /* Resources */,
			);
			buildRules = (
			);
			dependencies = (
				209E95C92E97E3CD00C4F598 /* PBXTargetDependency */,
			);
			fileSystemSynchronizedGroups = (
				209E95CA2E97E3CD00C4F598 /* WaypointWheelsTests */,
			);
			name = WaypointWheelsTests;
			packageProductDependencies = (
			);
			productName = WaypointWheelsTests;
			productReference = 209E95C72E97E3CD00C4F598 /* WaypointWheelsTests.xctest */;
			productType = "com.apple.product-type.bundle.unit-test";
		};
		209E95D02E97E3CD00C4F598 /* WaypointWheelsUITests */ = {
			isa = PBXNativeTarget;
			buildConfigurationList = 209E95E12E97E3CD00C4F598 /* Build configuration list for PBXNativeTarget "WaypointWheelsUITests" */;
			buildPhases = (
				209E95CD2E97E3CD00C4F598 /* Sources */,
				209E95CE2E97E3CD00C4F598 /* Frameworks */,
				209E95CF2E97E3CD00C4F598 /* Resources */,
			);
			buildRules = (
			);
			dependencies = (
				209E95D32E97E3CD00C4F598 /* PBXTargetDependency */,
			);
			fileSystemSynchronizedGroups = (
				209E95D42E97E3CD00C4F598 /* WaypointWheelsUITests */,
			);
			name = WaypointWheelsUITests;
			packageProductDependencies = (
			);
			productName = WaypointWheelsUITests;
			productReference = 209E95D12E97E3CD00C4F598 /* WaypointWheelsUITests.xctest */;
			productType = "com.apple.product-type.bundle.ui-testing";
		};
/* End PBXNativeTarget section */

/* Begin PBXProject section */
		209E95AF2E97E3CB00C4F598 /* Project object */ = {
			isa = PBXProject;
			attributes = {
				BuildIndependentTargetsInParallel = 1;
				LastSwiftUpdateCheck = 1620;
				LastUpgradeCheck = 1620;
				TargetAttributes = {
					209E95B62E97E3CB00C4F598 = {
						CreatedOnToolsVersion = 16.2;
					};
					209E95C62E97E3CD00C4F598 = {
						CreatedOnToolsVersion = 16.2;
						TestTargetID = 209E95B62E97E3CB00C4F598;
					};
					209E95D02E97E3CD00C4F598 = {
						CreatedOnToolsVersion = 16.2;
						TestTargetID = 209E95B62E97E3CB00C4F598;
					};
				};
			};
			buildConfigurationList = 209E95B22E97E3CB00C4F598 /* Build configuration list for PBXProject "WaypointWheels" */;
			developmentRegion = en;
			hasScannedForEncodings = 0;
			knownRegions = (
				en,
				Base,
			);
			mainGroup = 209E95AE2E97E3CB00C4F598;
			minimizedProjectReferenceProxies = 1;
			preferredProjectObjectVersion = 77;
			productRefGroup = 209E95B82E97E3CB00C4F598 /* Products */;
			projectDirPath = "";
			projectRoot = "";
			targets = (
				209E95B62E97E3CB00C4F598 /* WaypointWheels */,
				209E95C62E97E3CD00C4F598 /* WaypointWheelsTests */,
				209E95D02E97E3CD00C4F598 /* WaypointWheelsUITests */,
			);
		};
/* End PBXProject section */

/* Begin PBXResourcesBuildPhase section */
		209E95B52E97E3CB00C4F598 /* Resources */ = {
			isa = PBXResourcesBuildPhase;
			buildActionMask = 2147483647;
			files = (
			);
			runOnlyForDeploymentPostprocessing = 0;
		};
		209E95C52E97E3CD00C4F598 /* Resources */ = {
			isa = PBXResourcesBuildPhase;
			buildActionMask = 2147483647;
			files = (
			);
			runOnlyForDeploymentPostprocessing = 0;
		};
		209E95CF2E97E3CD00C4F598 /* Resources */ = {
			isa = PBXResourcesBuildPhase;
			buildActionMask = 2147483647;
			files = (
			);
			runOnlyForDeploymentPostprocessing = 0;
		};
/* End PBXResourcesBuildPhase section */

/* Begin PBXSourcesBuildPhase section */
		209E95B32E97E3CB00C4F598 /* Sources */ = {
			isa = PBXSourcesBuildPhase;
			buildActionMask = 2147483647;
			files = (
			);
			runOnlyForDeploymentPostprocessing = 0;
		};
		209E95C32E97E3CD00C4F598 /* Sources */ = {
			isa = PBXSourcesBuildPhase;
			buildActionMask = 2147483647;
			files = (
			);
			runOnlyForDeploymentPostprocessing = 0;
		};
		209E95CD2E97E3CD00C4F598 /* Sources */ = {
			isa = PBXSourcesBuildPhase;
			buildActionMask = 2147483647;
			files = (
			);
			runOnlyForDeploymentPostprocessing = 0;
		};
/* End PBXSourcesBuildPhase section */

/* Begin PBXTargetDependency section */
		209E95C92E97E3CD00C4F598 /* PBXTargetDependency */ = {
			isa = PBXTargetDependency;
			target = 209E95B62E97E3CB00C4F598 /* WaypointWheels */;
			targetProxy = 209E95C82E97E3CD00C4F598 /* PBXContainerItemProxy */;
		};
		209E95D32E97E3CD00C4F598 /* PBXTargetDependency */ = {
			isa = PBXTargetDependency;
			target = 209E95B62E97E3CB00C4F598 /* WaypointWheels */;
			targetProxy = 209E95D22E97E3CD00C4F598 /* PBXContainerItemProxy */;
		};
/* End PBXTargetDependency section */

/* Begin XCBuildConfiguration section */
		209E95D92E97E3CD00C4F598 /* Debug */ = {
			isa = XCBuildConfiguration;
			buildSettings = {
				ALWAYS_SEARCH_USER_PATHS = NO;
				ASSETCATALOG_COMPILER_GENERATE_SWIFT_ASSET_SYMBOL_EXTENSIONS = YES;
				CLANG_ANALYZER_NONNULL = YES;
				CLANG_ANALYZER_NUMBER_OBJECT_CONVERSION = YES_AGGRESSIVE;
				CLANG_CXX_LANGUAGE_STANDARD = "gnu++20";
				CLANG_ENABLE_MODULES = YES;
				CLANG_ENABLE_OBJC_ARC = YES;
				CLANG_ENABLE_OBJC_WEAK = YES;
				CLANG_WARN_BLOCK_CAPTURE_AUTORELEASING = YES;
				CLANG_WARN_BOOL_CONVERSION = YES;
				CLANG_WARN_COMMA = YES;
				CLANG_WARN_CONSTANT_CONVERSION = YES;
				CLANG_WARN_DEPRECATED_OBJC_IMPLEMENTATIONS = YES;
				CLANG_WARN_DIRECT_OBJC_ISA_USAGE = YES_ERROR;
				CLANG_WARN_DOCUMENTATION_COMMENTS = YES;
				CLANG_WARN_EMPTY_BODY = YES;
				CLANG_WARN_ENUM_CONVERSION = YES;
				CLANG_WARN_INFINITE_RECURSION = YES;
				CLANG_WARN_INT_CONVERSION = YES;
				CLANG_WARN_NON_LITERAL_NULL_CONVERSION = YES;
				CLANG_WARN_OBJC_IMPLICIT_RETAIN_SELF = YES;
				CLANG_WARN_OBJC_LITERAL_CONVERSION = YES;
				CLANG_WARN_OBJC_ROOT_CLASS = YES_ERROR;
				CLANG_WARN_QUOTED_INCLUDE_IN_FRAMEWORK_HEADER = YES;
				CLANG_WARN_RANGE_LOOP_ANALYSIS = YES;
				CLANG_WARN_STRICT_PROTOTYPES = YES;
				CLANG_WARN_SUSPICIOUS_MOVE = YES;
				CLANG_WARN_UNGUARDED_AVAILABILITY = YES_AGGRESSIVE;
				CLANG_WARN_UNREACHABLE_CODE = YES;
				CLANG_WARN__DUPLICATE_METHOD_MATCH = YES;
				COPY_PHASE_STRIP = NO;
				DEBUG_INFORMATION_FORMAT = dwarf;
				ENABLE_STRICT_OBJC_MSGSEND = YES;
				ENABLE_TESTABILITY = YES;
				ENABLE_USER_SCRIPT_SANDBOXING = YES;
				GCC_C_LANGUAGE_STANDARD = gnu17;
				GCC_DYNAMIC_NO_PIC = NO;
				GCC_NO_COMMON_BLOCKS = YES;
				GCC_OPTIMIZATION_LEVEL = 0;
				GCC_PREPROCESSOR_DEFINITIONS = (
					"DEBUG=1",
					"$(inherited)",
				);
				GCC_WARN_64_TO_32_BIT_CONVERSION = YES;
				GCC_WARN_ABOUT_RETURN_TYPE = YES_ERROR;
				GCC_WARN_UNDECLARED_SELECTOR = YES;
				GCC_WARN_UNINITIALIZED_AUTOS = YES_AGGRESSIVE;
				GCC_WARN_UNUSED_FUNCTION = YES;
				GCC_WARN_UNUSED_VARIABLE = YES;
				IPHONEOS_DEPLOYMENT_TARGET = 18.2;
				LOCALIZATION_PREFERS_STRING_CATALOGS = YES;
				MTL_ENABLE_DEBUG_INFO = INCLUDE_SOURCE;
				MTL_FAST_MATH = YES;
				ONLY_ACTIVE_ARCH = YES;
				SDKROOT = iphoneos;
				SWIFT_ACTIVE_COMPILATION_CONDITIONS = "DEBUG $(inherited)";
				SWIFT_OPTIMIZATION_LEVEL = "-Onone";
			};
			name = Debug;
		};
		209E95DA2E97E3CD00C4F598 /* Release */ = {
			isa = XCBuildConfiguration;
			buildSettings = {
				ALWAYS_SEARCH_USER_PATHS = NO;
				ASSETCATALOG_COMPILER_GENERATE_SWIFT_ASSET_SYMBOL_EXTENSIONS = YES;
				CLANG_ANALYZER_NONNULL = YES;
				CLANG_ANALYZER_NUMBER_OBJECT_CONVERSION = YES_AGGRESSIVE;
				CLANG_CXX_LANGUAGE_STANDARD = "gnu++20";
				CLANG_ENABLE_MODULES = YES;
				CLANG_ENABLE_OBJC_ARC = YES;
				CLANG_ENABLE_OBJC_WEAK = YES;
				CLANG_WARN_BLOCK_CAPTURE_AUTORELEASING = YES;
				CLANG_WARN_BOOL_CONVERSION = YES;
				CLANG_WARN_COMMA = YES;
				CLANG_WARN_CONSTANT_CONVERSION = YES;
				CLANG_WARN_DEPRECATED_OBJC_IMPLEMENTATIONS = YES;
				CLANG_WARN_DIRECT_OBJC_ISA_USAGE = YES_ERROR;
				CLANG_WARN_DOCUMENTATION_COMMENTS = YES;
				CLANG_WARN_EMPTY_BODY = YES;
				CLANG_WARN_ENUM_CONVERSION = YES;
				CLANG_WARN_INFINITE_RECURSION = YES;
				CLANG_WARN_INT_CONVERSION = YES;
				CLANG_WARN_NON_LITERAL_NULL_CONVERSION = YES;
				CLANG_WARN_OBJC_IMPLICIT_RETAIN_SELF = YES;
				CLANG_WARN_OBJC_LITERAL_CONVERSION = YES;
				CLANG_WARN_OBJC_ROOT_CLASS = YES_ERROR;
				CLANG_WARN_QUOTED_INCLUDE_IN_FRAMEWORK_HEADER = YES;
				CLANG_WARN_RANGE_LOOP_ANALYSIS = YES;
				CLANG_WARN_STRICT_PROTOTYPES = YES;
				CLANG_WARN_SUSPICIOUS_MOVE = YES;
				CLANG_WARN_UNGUARDED_AVAILABILITY = YES_AGGRESSIVE;
				CLANG_WARN_UNREACHABLE_CODE = YES;
				CLANG_WARN__DUPLICATE_METHOD_MATCH = YES;
				COPY_PHASE_STRIP = NO;
				DEBUG_INFORMATION_FORMAT = "dwarf-with-dsym";
				ENABLE_NS_ASSERTIONS = NO;
				ENABLE_STRICT_OBJC_MSGSEND = YES;
				ENABLE_USER_SCRIPT_SANDBOXING = YES;
				GCC_C_LANGUAGE_STANDARD = gnu17;
				GCC_NO_COMMON_BLOCKS = YES;
				GCC_WARN_64_TO_32_BIT_CONVERSION = YES;
				GCC_WARN_ABOUT_RETURN_TYPE = YES_ERROR;
				GCC_WARN_UNDECLARED_SELECTOR = YES;
				GCC_WARN_UNINITIALIZED_AUTOS = YES_AGGRESSIVE;
				GCC_WARN_UNUSED_FUNCTION = YES;
				GCC_WARN_UNUSED_VARIABLE = YES;
				IPHONEOS_DEPLOYMENT_TARGET = 18.2;
				LOCALIZATION_PREFERS_STRING_CATALOGS = YES;
				MTL_ENABLE_DEBUG_INFO = NO;
				MTL_FAST_MATH = YES;
				SDKROOT = iphoneos;
				SWIFT_COMPILATION_MODE = wholemodule;
				VALIDATE_PRODUCT = YES;
			};
			name = Release;
		};
		209E95DC2E97E3CD00C4F598 /* Debug */ = {
			isa = XCBuildConfiguration;
			buildSettings = {
				ASSETCATALOG_COMPILER_APPICON_NAME = AppIcon;
				ASSETCATALOG_COMPILER_GLOBAL_ACCENT_COLOR_NAME = AccentColor;
				CODE_SIGN_STYLE = Automatic;
				CURRENT_PROJECT_VERSION = 1;
				DEVELOPMENT_ASSET_PATHS = "\"WaypointWheels/Preview Content\"";
				DEVELOPMENT_TEAM = 44227C87P5;
				ENABLE_PREVIEWS = YES;
				GENERATE_INFOPLIST_FILE = YES;
				INFOPLIST_FILE = WaypointWheels/Info.plist;
				INFOPLIST_KEY_UIApplicationSceneManifest_Generation = YES;
				INFOPLIST_KEY_UIApplicationSupportsIndirectInputEvents = YES;
				INFOPLIST_KEY_UILaunchScreen_Generation = YES;
				INFOPLIST_KEY_UISupportedInterfaceOrientations_iPad = "UIInterfaceOrientationPortrait UIInterfaceOrientationPortraitUpsideDown UIInterfaceOrientationLandscapeLeft UIInterfaceOrientationLandscapeRight";
				INFOPLIST_KEY_UISupportedInterfaceOrientations_iPhone = "UIInterfaceOrientationPortrait UIInterfaceOrientationLandscapeLeft UIInterfaceOrientationLandscapeRight";
				LD_RUNPATH_SEARCH_PATHS = (
					"$(inherited)",
					"@executable_path/Frameworks",
				);
				MARKETING_VERSION = 1.0;
				PRODUCT_BUNDLE_IDENTIFIER = com.stepstonetexas.WaypointWheels;
				PRODUCT_NAME = "$(TARGET_NAME)";
				SWIFT_EMIT_LOC_STRINGS = YES;
				SWIFT_VERSION = 5.0;
				TARGETED_DEVICE_FAMILY = "1,2";
			};
			name = Debug;
		};
		209E95DD2E97E3CD00C4F598 /* Release */ = {
			isa = XCBuildConfiguration;
			buildSettings = {
				ASSETCATALOG_COMPILER_APPICON_NAME = AppIcon;
				ASSETCATALOG_COMPILER_GLOBAL_ACCENT_COLOR_NAME = AccentColor;
				CODE_SIGN_STYLE = Automatic;
				CURRENT_PROJECT_VERSION = 1;
				DEVELOPMENT_ASSET_PATHS = "\"WaypointWheels/Preview Content\"";
				DEVELOPMENT_TEAM = 44227C87P5;
				ENABLE_PREVIEWS = YES;
				GENERATE_INFOPLIST_FILE = YES;
				INFOPLIST_FILE = WaypointWheels/Info.plist;
				INFOPLIST_KEY_UIApplicationSceneManifest_Generation = YES;
				INFOPLIST_KEY_UIApplicationSupportsIndirectInputEvents = YES;
				INFOPLIST_KEY_UILaunchScreen_Generation = YES;
				INFOPLIST_KEY_UISupportedInterfaceOrientations_iPad = "UIInterfaceOrientationPortrait UIInterfaceOrientationPortraitUpsideDown UIInterfaceOrientationLandscapeLeft UIInterfaceOrientationLandscapeRight";
				INFOPLIST_KEY_UISupportedInterfaceOrientations_iPhone = "UIInterfaceOrientationPortrait UIInterfaceOrientationLandscapeLeft UIInterfaceOrientationLandscapeRight";
				LD_RUNPATH_SEARCH_PATHS = (
					"$(inherited)",
					"@executable_path/Frameworks",
				);
				MARKETING_VERSION = 1.0;
				PRODUCT_BUNDLE_IDENTIFIER = com.stepstonetexas.WaypointWheels;
				PRODUCT_NAME = "$(TARGET_NAME)";
				SWIFT_EMIT_LOC_STRINGS = YES;
				SWIFT_VERSION = 5.0;
				TARGETED_DEVICE_FAMILY = "1,2";
			};
			name = Release;
		};
		209E95DF2E97E3CD00C4F598 /* Debug */ = {
			isa = XCBuildConfiguration;
			buildSettings = {
				BUNDLE_LOADER = "$(TEST_HOST)";
				CODE_SIGN_STYLE = Automatic;
				CURRENT_PROJECT_VERSION = 1;
				DEVELOPMENT_TEAM = 44227C87P5;
				GENERATE_INFOPLIST_FILE = YES;
				IPHONEOS_DEPLOYMENT_TARGET = 18.2;
				MARKETING_VERSION = 1.0;
				PRODUCT_BUNDLE_IDENTIFIER = com.stepstonetexas.WaypointWheelsTests;
				PRODUCT_NAME = "$(TARGET_NAME)";
				SWIFT_EMIT_LOC_STRINGS = NO;
				SWIFT_VERSION = 5.0;
				TARGETED_DEVICE_FAMILY = "1,2";
				TEST_HOST = "$(BUILT_PRODUCTS_DIR)/WaypointWheels.app/$(BUNDLE_EXECUTABLE_FOLDER_PATH)/WaypointWheels";
			};
			name = Debug;
		};
		209E95E02E97E3CD00C4F598 /* Release */ = {
			isa = XCBuildConfiguration;
			buildSettings = {
				BUNDLE_LOADER = "$(TEST_HOST)";
				CODE_SIGN_STYLE = Automatic;
				CURRENT_PROJECT_VERSION = 1;
				DEVELOPMENT_TEAM = 44227C87P5;
				GENERATE_INFOPLIST_FILE = YES;
				IPHONEOS_DEPLOYMENT_TARGET = 18.2;
				MARKETING_VERSION = 1.0;
				PRODUCT_BUNDLE_IDENTIFIER = com.stepstonetexas.WaypointWheelsTests;
				PRODUCT_NAME = "$(TARGET_NAME)";
				SWIFT_EMIT_LOC_STRINGS = NO;
				SWIFT_VERSION = 5.0;
				TARGETED_DEVICE_FAMILY = "1,2";
				TEST_HOST = "$(BUILT_PRODUCTS_DIR)/WaypointWheels.app/$(BUNDLE_EXECUTABLE_FOLDER_PATH)/WaypointWheels";
			};
			name = Release;
		};
		209E95E22E97E3CD00C4F598 /* Debug */ = {
			isa = XCBuildConfiguration;
			buildSettings = {
				CODE_SIGN_STYLE = Automatic;
				CURRENT_PROJECT_VERSION = 1;
				DEVELOPMENT_TEAM = 44227C87P5;
				GENERATE_INFOPLIST_FILE = YES;
				MARKETING_VERSION = 1.0;
				PRODUCT_BUNDLE_IDENTIFIER = com.stepstonetexas.WaypointWheelsUITests;
				PRODUCT_NAME = "$(TARGET_NAME)";
				SWIFT_EMIT_LOC_STRINGS = NO;
				SWIFT_VERSION = 5.0;
				TARGETED_DEVICE_FAMILY = "1,2";
				TEST_TARGET_NAME = WaypointWheels;
			};
			name = Debug;
		};
		209E95E32E97E3CD00C4F598 /* Release */ = {
			isa = XCBuildConfiguration;
			buildSettings = {
				CODE_SIGN_STYLE = Automatic;
				CURRENT_PROJECT_VERSION = 1;
				DEVELOPMENT_TEAM = 44227C87P5;
				GENERATE_INFOPLIST_FILE = YES;
				MARKETING_VERSION = 1.0;
				PRODUCT_BUNDLE_IDENTIFIER = com.stepstonetexas.WaypointWheelsUITests;
				PRODUCT_NAME = "$(TARGET_NAME)";
				SWIFT_EMIT_LOC_STRINGS = NO;
				SWIFT_VERSION = 5.0;
				TARGETED_DEVICE_FAMILY = "1,2";
				TEST_TARGET_NAME = WaypointWheels;
			};
			name = Release;
		};
/* End XCBuildConfiguration section */

/* Begin XCConfigurationList section */
		209E95B22E97E3CB00C4F598 /* Build configuration list for PBXProject "WaypointWheels" */ = {
			isa = XCConfigurationList;
			buildConfigurations = (
				209E95D92E97E3CD00C4F598 /* Debug */,
				209E95DA2E97E3CD00C4F598 /* Release */,
			);
			defaultConfigurationIsVisible = 0;
			defaultConfigurationName = Release;
		};
		209E95DB2E97E3CD00C4F598 /* Build configuration list for PBXNativeTarget "WaypointWheels" */ = {
			isa = XCConfigurationList;
			buildConfigurations = (
				209E95DC2E97E3CD00C4F598 /* Debug */,
				209E95DD2E97E3CD00C4F598 /* Release */,
			);
			defaultConfigurationIsVisible = 0;
			defaultConfigurationName = Release;
		};
		209E95DE2E97E3CD00C4F598 /* Build configuration list for PBXNativeTarget "WaypointWheelsTests" */ = {
			isa = XCConfigurationList;
			buildConfigurations = (
				209E95DF2E97E3CD00C4F598 /* Debug */,
				209E95E02E97E3CD00C4F598 /* Release */,
			);
			defaultConfigurationIsVisible = 0;
			defaultConfigurationName = Release;
		};
		209E95E12E97E3CD00C4F598 /* Build configuration list for PBXNativeTarget "WaypointWheelsUITests" */ = {
			isa = XCConfigurationList;
			buildConfigurations = (
				209E95E22E97E3CD00C4F598 /* Debug */,
				209E95E32E97E3CD00C4F598 /* Release */,
			);
			defaultConfigurationIsVisible = 0;
			defaultConfigurationName = Release;
		};
/* End XCConfigurationList section */
	};
	rootObject = 209E95AF2E97E3CB00C4F598 /* Project object */;
}
